
Microsoft Visual Studio Solution File, Format Version 12.00
# Visual Studio Version 17
VisualStudioVersion = 17.11.35327.3
MinimumVisualStudioVersion = 10.0.40219.1
Project("{FAE04EC0-301F-11D3-BF4B-00C04F79EFBC}") = "ConsoleApp", "ConsoleApp\ConsoleApp.csproj", "{DAB620B1-DEE5-4E84-AA0E-226112F87BD4}"
EndProject
Global
	GlobalSection(SolutionConfigurationPlatforms) = preSolution
		Debug|Any CPU = Debug|Any CPU
		Release|Any CPU = Release|Any CPU
	EndGlobalSection
	GlobalSection(ProjectConfigurationPlatforms) = postSolution
		{DAB620B1-DEE5-4E84-AA0E-226112F87BD4}.Debug|Any CPU.ActiveCfg = Debug|Any CPU
		{DAB620B1-DEE5-4E84-AA0E-226112F87BD4}.Debug|Any CPU.Build.0 = Debug|Any CPU
		{DAB620B1-DEE5-4E84-AA0E-226112F87BD4}.Release|Any CPU.ActiveCfg = Release|Any CPU
		{DAB620B1-DEE5-4E84-AA0E-226112F87BD4}.Release|Any CPU.Build.0 = Release|Any CPU
	EndGlobalSection
	GlobalSection(SolutionProperties) = preSolution
		HideSolutionNode = FALSE
	EndGlobalSection
	GlobalSection(ExtensibilityGlobals) = postSolution
		SolutionGuid = {7209AC57-9487-4D98-8D82-1C747FEE4BB9}
	EndGlobalSection
EndGlobal
